
Microsoft Visual Studio Solution File, Format Version 12.00
Project("{FAE04EC0-301F-11D3-BF4B-00C04F79EFBC}") = "File_Management", "File_Management.csproj", "{74E5E608-D6FD-4900-B6E0-76940B00425E}"
EndProject
Global
	GlobalSection(SolutionConfigurationPlatforms) = preSolution
		Debug|Any CPU = Debug|Any CPU
		Release|Any CPU = Release|Any CPU
	EndGlobalSection
	GlobalSection(ProjectConfigurationPlatforms) = postSolution
		{74E5E608-D6FD-4900-B6E0-76940B00425E}.Debug|Any CPU.ActiveCfg = Debug|Any CPU
		{74E5E608-D6FD-4900-B6E0-76940B00425E}.Debug|Any CPU.Build.0 = Debug|Any CPU
		{74E5E608-D6FD-4900-B6E0-76940B00425E}.Release|Any CPU.ActiveCfg = Release|Any CPU
		{74E5E608-D6FD-4900-B6E0-76940B00425E}.Release|Any CPU.Build.0 = Release|Any CPU
	EndGlobalSection
EndGlobal
